
Microsoft Visual Studio Solution File, Format Version 12.00
# Visual Studio Version 16
VisualStudioVersion = 16.0.30517.126
MinimumVisualStudioVersion = 10.0.40219.1
Project("{9A19103F-16F7-4668-BE54-9A1E7A4F7556}") = "DamianTourBackend.Api", "DamianTourBackend\DamianTourBackend.Api.csproj", "{2C7E2EB9-8FBF-4BCF-A69B-AA08E89CD603}"
EndProject
Project("{FAE04EC0-301F-11D3-BF4B-00C04F79EFBC}") = "DamianTourBackend.Core", "DamianTourBackend.Core\DamianTourBackend.Core.csproj", "{3F1340AD-CF7F-4735-A193-1B988499B220}"
EndProject
Project("{FAE04EC0-301F-11D3-BF4B-00C04F79EFBC}") = "DamianTourBackend.Infrastructure", "DamianTourBackend.Infrastructure\DamianTourBackend.Infrastructure.csproj", "{F2949CFB-E4A1-4CC0-A3A3-83C67A5F265F}"
EndProject
Global
	GlobalSection(SolutionConfigurationPlatforms) = preSolution
		Debug|Any CPU = Debug|Any CPU
		Release|Any CPU = Release|Any CPU
	EndGlobalSection
	GlobalSection(ProjectConfigurationPlatforms) = postSolution
		{2C7E2EB9-8FBF-4BCF-A69B-AA08E89CD603}.Debug|Any CPU.ActiveCfg = Debug|Any CPU
		{2C7E2EB9-8FBF-4BCF-A69B-AA08E89CD603}.Debug|Any CPU.Build.0 = Debug|Any CPU
		{2C7E2EB9-8FBF-4BCF-A69B-AA08E89CD603}.Release|Any CPU.ActiveCfg = Release|Any CPU
		{2C7E2EB9-8FBF-4BCF-A69B-AA08E89CD603}.Release|Any CPU.Build.0 = Release|Any CPU
		{3F1340AD-CF7F-4735-A193-1B988499B220}.Debug|Any CPU.ActiveCfg = Debug|Any CPU
		{3F1340AD-CF7F-4735-A193-1B988499B220}.Debug|Any CPU.Build.0 = Debug|Any CPU
		{3F1340AD-CF7F-4735-A193-1B988499B220}.Release|Any CPU.ActiveCfg = Release|Any CPU
		{3F1340AD-CF7F-4735-A193-1B988499B220}.Release|Any CPU.Build.0 = Release|Any CPU
		{F2949CFB-E4A1-4CC0-A3A3-83C67A5F265F}.Debug|Any CPU.ActiveCfg = Debug|Any CPU
		{F2949CFB-E4A1-4CC0-A3A3-83C67A5F265F}.Debug|Any CPU.Build.0 = Debug|Any CPU
		{F2949CFB-E4A1-4CC0-A3A3-83C67A5F265F}.Release|Any CPU.ActiveCfg = Release|Any CPU
		{F2949CFB-E4A1-4CC0-A3A3-83C67A5F265F}.Release|Any CPU.Build.0 = Release|Any CPU
	EndGlobalSection
	GlobalSection(SolutionProperties) = preSolution
		HideSolutionNode = FALSE
	EndGlobalSection
	GlobalSection(ExtensibilityGlobals) = postSolution
		SolutionGuid = {20316A46-7691-441D-BEC4-2CB6F48AC909}
	EndGlobalSection
EndGlobal
